
Microsoft Visual Studio Solution File, Format Version 11.00
# Visual Studio 2010
Project("{FAE04EC0-301F-11D3-BF4B-00C04F79EFBC}") = "traffic light", "Assembly-CSharp.csproj", "{99BFCB47-6E37-A28E-46B8-B5FA23E89E3F}"
EndProject
Global
	GlobalSection(SolutionConfigurationPlatforms) = preSolution
		Debug|Any CPU = Debug|Any CPU
		Release|Any CPU = Release|Any CPU
	EndGlobalSection
	GlobalSection(ProjectConfigurationPlatforms) = postSolution
		{99BFCB47-6E37-A28E-46B8-B5FA23E89E3F}.Debug|Any CPU.ActiveCfg = Debug|Any CPU
		{99BFCB47-6E37-A28E-46B8-B5FA23E89E3F}.Debug|Any CPU.Build.0 = Debug|Any CPU
		{99BFCB47-6E37-A28E-46B8-B5FA23E89E3F}.Release|Any CPU.ActiveCfg = Release|Any CPU
		{99BFCB47-6E37-A28E-46B8-B5FA23E89E3F}.Release|Any CPU.Build.0 = Release|Any CPU
	EndGlobalSection
	GlobalSection(SolutionProperties) = preSolution
		HideSolutionNode = FALSE
	EndGlobalSection
	GlobalSection(MonoDevelopProperties) = preSolution
		StartupItem = Assembly-CSharp.csproj
	EndGlobalSection
EndGlobal
